
Microsoft Visual Studio Solution File, Format Version 12.00
# Visual Studio 15
VisualStudioVersion = 15.0.28307.902
MinimumVisualStudioVersion = 10.0.40219.1
Project("{FAE04EC0-301F-11D3-BF4B-00C04F79EFBC}") = "Planetas_MELI", "Planetas_MELI\Planetas_MELI.csproj", "{CA20B7ED-232A-4F6D-A358-F65A9ABA24DE}"
EndProject
Global
	GlobalSection(SolutionConfigurationPlatforms) = preSolution
		Debug|Any CPU = Debug|Any CPU
		Release|Any CPU = Release|Any CPU
	EndGlobalSection
	GlobalSection(ProjectConfigurationPlatforms) = postSolution
		{CA20B7ED-232A-4F6D-A358-F65A9ABA24DE}.Debug|Any CPU.ActiveCfg = Debug|Any CPU
		{CA20B7ED-232A-4F6D-A358-F65A9ABA24DE}.Debug|Any CPU.Build.0 = Debug|Any CPU
		{CA20B7ED-232A-4F6D-A358-F65A9ABA24DE}.Release|Any CPU.ActiveCfg = Release|Any CPU
		{CA20B7ED-232A-4F6D-A358-F65A9ABA24DE}.Release|Any CPU.Build.0 = Release|Any CPU
	EndGlobalSection
	GlobalSection(SolutionProperties) = preSolution
		HideSolutionNode = FALSE
	EndGlobalSection
	GlobalSection(ExtensibilityGlobals) = postSolution
		SolutionGuid = {22790F03-AE09-41CB-BAA4-89129054EA5A}
	EndGlobalSection
EndGlobal
